
Microsoft Visual Studio Solution File, Format Version 12.00
# Visual Studio Version 17
VisualStudioVersion = 17.6.33815.320
MinimumVisualStudioVersion = 10.0.40219.1
Project("{9A19103F-16F7-4668-BE54-9A1E7A4F7556}") = "BSS_EFCore", "BSS_EFCore\BSS_EFCore.csproj", "{6090853C-97BC-42C1-9AA0-D026E4EED6CE}"
EndProject
Project("{9A19103F-16F7-4668-BE54-9A1E7A4F7556}") = "webapi", "webapi\webapi.csproj", "{BB7A99C8-F8A6-48D4-A195-7D9852D60EBA}"
EndProject
Project("{9A19103F-16F7-4668-BE54-9A1E7A4F7556}") = "DAL", "DAL\DAL.csproj", "{744E7420-5879-44F8-93DD-7BAA396DDDF4}"
EndProject
Project("{FAE04EC0-301F-11D3-BF4B-00C04F79EFBC}") = "Service", "Service\Service.csproj", "{B0861085-DA63-46D5-832F-D513726F2BBF}"
EndProject
Global
	GlobalSection(SolutionConfigurationPlatforms) = preSolution
		Debug|Any CPU = Debug|Any CPU
		Release|Any CPU = Release|Any CPU
	EndGlobalSection
	GlobalSection(ProjectConfigurationPlatforms) = postSolution
		{6090853C-97BC-42C1-9AA0-D026E4EED6CE}.Debug|Any CPU.ActiveCfg = Debug|Any CPU
		{6090853C-97BC-42C1-9AA0-D026E4EED6CE}.Debug|Any CPU.Build.0 = Debug|Any CPU
		{6090853C-97BC-42C1-9AA0-D026E4EED6CE}.Release|Any CPU.ActiveCfg = Release|Any CPU
		{6090853C-97BC-42C1-9AA0-D026E4EED6CE}.Release|Any CPU.Build.0 = Release|Any CPU
		{BB7A99C8-F8A6-48D4-A195-7D9852D60EBA}.Debug|Any CPU.ActiveCfg = Debug|Any CPU
		{BB7A99C8-F8A6-48D4-A195-7D9852D60EBA}.Debug|Any CPU.Build.0 = Debug|Any CPU
		{BB7A99C8-F8A6-48D4-A195-7D9852D60EBA}.Release|Any CPU.ActiveCfg = Release|Any CPU
		{BB7A99C8-F8A6-48D4-A195-7D9852D60EBA}.Release|Any CPU.Build.0 = Release|Any CPU
		{744E7420-5879-44F8-93DD-7BAA396DDDF4}.Debug|Any CPU.ActiveCfg = Debug|Any CPU
		{744E7420-5879-44F8-93DD-7BAA396DDDF4}.Debug|Any CPU.Build.0 = Debug|Any CPU
		{744E7420-5879-44F8-93DD-7BAA396DDDF4}.Release|Any CPU.ActiveCfg = Release|Any CPU
		{744E7420-5879-44F8-93DD-7BAA396DDDF4}.Release|Any CPU.Build.0 = Release|Any CPU
		{B0861085-DA63-46D5-832F-D513726F2BBF}.Debug|Any CPU.ActiveCfg = Debug|Any CPU
		{B0861085-DA63-46D5-832F-D513726F2BBF}.Debug|Any CPU.Build.0 = Debug|Any CPU
		{B0861085-DA63-46D5-832F-D513726F2BBF}.Release|Any CPU.ActiveCfg = Release|Any CPU
		{B0861085-DA63-46D5-832F-D513726F2BBF}.Release|Any CPU.Build.0 = Release|Any CPU
	EndGlobalSection
	GlobalSection(SolutionProperties) = preSolution
		HideSolutionNode = FALSE
	EndGlobalSection
	GlobalSection(ExtensibilityGlobals) = postSolution
		SolutionGuid = {8C93FA29-B3AA-4055-9ED6-5DDFAD462AD4}
	EndGlobalSection
EndGlobal
